
Microsoft Visual Studio Solution File, Format Version 12.00
# Visual Studio 14
VisualStudioVersion = 14.0.23107.0
MinimumVisualStudioVersion = 10.0.40219.1
Project("{E24C65DC-7377-472B-9ABA-BC803B73C61A}") = "Obligatorio", ".", "{098E4A1B-B829-4F6D-8CAD-B32D05020C45}"
	ProjectSection(WebsiteProperties) = preProject
		TargetFrameworkMoniker = ".NETFramework,Version%3Dv4.0"
		ProjectReferences = "{eb6fbca0-a0b1-4fad-94ec-b042cfbeeb5c}|Mensajes.dll;{ba8b7bd8-debc-4c60-a938-7e7aa08b581b}|Logica.dll;{F17FC7D1-8781-4CAD-B737-F2E513EFCBD2}|Persistencia.dll;"
		Debug.AspNetCompiler.VirtualPath = "/localhost_52005"
		Debug.AspNetCompiler.PhysicalPath = "..\Obligatorio\"
		Debug.AspNetCompiler.TargetPath = "PrecompiledWeb\localhost_52005\"
		Debug.AspNetCompiler.Updateable = "true"
		Debug.AspNetCompiler.ForceOverwrite = "true"
		Debug.AspNetCompiler.FixedNames = "false"
		Debug.AspNetCompiler.Debug = "True"
		Release.AspNetCompiler.VirtualPath = "/localhost_52005"
		Release.AspNetCompiler.PhysicalPath = "..\Obligatorio\"
		Release.AspNetCompiler.TargetPath = "PrecompiledWeb\localhost_52005\"
		Release.AspNetCompiler.Updateable = "true"
		Release.AspNetCompiler.ForceOverwrite = "true"
		Release.AspNetCompiler.FixedNames = "false"
		Release.AspNetCompiler.Debug = "False"
		VWDPort = "52005"
		SlnRelativePath = "..\Obligatorio\"
	EndProjectSection
EndProject
Project("{FAE04EC0-301F-11D3-BF4B-00C04F79EFBC}") = "EntidadesCompartidas", "EntidadesCompartidas\EntidadesCompartidas.csproj", "{EB6FBCA0-A0B1-4FAD-94EC-B042CFBEEB5C}"
EndProject
Project("{FAE04EC0-301F-11D3-BF4B-00C04F79EFBC}") = "Logica", "Logica\Logica.csproj", "{BA8B7BD8-DEBC-4C60-A938-7E7AA08B581B}"
EndProject
Project("{FAE04EC0-301F-11D3-BF4B-00C04F79EFBC}") = "Persistencia", "Persistencia\Persistencia.csproj", "{F17FC7D1-8781-4CAD-B737-F2E513EFCBD2}"
EndProject
Global
	GlobalSection(SolutionConfigurationPlatforms) = preSolution
		Debug|Any CPU = Debug|Any CPU
		Release|Any CPU = Release|Any CPU
	EndGlobalSection
	GlobalSection(ProjectConfigurationPlatforms) = postSolution
		{098E4A1B-B829-4F6D-8CAD-B32D05020C45}.Debug|Any CPU.ActiveCfg = Debug|Any CPU
		{098E4A1B-B829-4F6D-8CAD-B32D05020C45}.Debug|Any CPU.Build.0 = Debug|Any CPU
		{098E4A1B-B829-4F6D-8CAD-B32D05020C45}.Release|Any CPU.ActiveCfg = Debug|Any CPU
		{098E4A1B-B829-4F6D-8CAD-B32D05020C45}.Release|Any CPU.Build.0 = Debug|Any CPU
		{EB6FBCA0-A0B1-4FAD-94EC-B042CFBEEB5C}.Debug|Any CPU.ActiveCfg = Debug|Any CPU
		{EB6FBCA0-A0B1-4FAD-94EC-B042CFBEEB5C}.Debug|Any CPU.Build.0 = Debug|Any CPU
		{EB6FBCA0-A0B1-4FAD-94EC-B042CFBEEB5C}.Release|Any CPU.ActiveCfg = Release|Any CPU
		{EB6FBCA0-A0B1-4FAD-94EC-B042CFBEEB5C}.Release|Any CPU.Build.0 = Release|Any CPU
		{BA8B7BD8-DEBC-4C60-A938-7E7AA08B581B}.Debug|Any CPU.ActiveCfg = Debug|Any CPU
		{BA8B7BD8-DEBC-4C60-A938-7E7AA08B581B}.Debug|Any CPU.Build.0 = Debug|Any CPU
		{BA8B7BD8-DEBC-4C60-A938-7E7AA08B581B}.Release|Any CPU.ActiveCfg = Release|Any CPU
		{BA8B7BD8-DEBC-4C60-A938-7E7AA08B581B}.Release|Any CPU.Build.0 = Release|Any CPU
		{F17FC7D1-8781-4CAD-B737-F2E513EFCBD2}.Debug|Any CPU.ActiveCfg = Debug|Any CPU
		{F17FC7D1-8781-4CAD-B737-F2E513EFCBD2}.Debug|Any CPU.Build.0 = Debug|Any CPU
		{F17FC7D1-8781-4CAD-B737-F2E513EFCBD2}.Release|Any CPU.ActiveCfg = Release|Any CPU
		{F17FC7D1-8781-4CAD-B737-F2E513EFCBD2}.Release|Any CPU.Build.0 = Release|Any CPU
	EndGlobalSection
	GlobalSection(SolutionProperties) = preSolution
		HideSolutionNode = FALSE
	EndGlobalSection
EndGlobal
